{
    "_readme": [
        "This file locks the dependencies of your project to a known state",
        "Read more about it at https://getcomposer.org/doc/01-basic-usage.md#installing-dependencies",
        "This file is @generated automatically"
    ],
    "content-hash": "259e14539187f723f46aa7d889b125a6",
    "packages": [
        {
            "name": "airmanbzh/php-html-generator",
            "version": "v1.0.2",
            "source": {
                "type": "git",
                "url": "https://github.com/Airmanbzh/php-html-generator.git",
                "reference": "5a707722a9f1fa656e6e3dd26e52db6f8369724b"
            },
            "dist": {
                "type": "zip",
                "url": "https://api.github.com/repos/Airmanbzh/php-html-generator/zipball/5a707722a9f1fa656e6e3dd26e52db6f8369724b",
                "reference": "5a707722a9f1fa656e6e3dd26e52db6f8369724b",
                "shasum": ""
            },
            "require": {
                "php": ">=5.3.0"
            },
            "type": "package",
            "autoload": {
                "psr-4": {
                    "HtmlGenerator\\": "src/"
                }
            },
            "notification-url": "https://packagist.org/downloads/",
            "license": [
                "MIT"
            ],
            "authors": [
                {
                    "name": "LE BOULC'H Brice",
                    "email": "airmanbzh@gmail.com",
                    "role": "Developer"
                }
            ],
            "description": "PHP html generator",
            "homepage": "https://github.com/Airmanbzh/php-html-generator",
            "keywords": [
                "generator",
                "html",
                "php"
            ],
            "support": {
                "issues": "https://github.com/Airmanbzh/php-html-generator/issues",
                "source": "https://github.com/Airmanbzh/php-html-generator/tree/master"
            },
            "time": "2018-04-06T14:52:36+00:00"
        },
        {
            "name": "paragonie/corner",
            "version": "v2.0.1",
            "source": {
                "type": "git",
                "url": "https://github.com/paragonie/corner.git",
                "reference": "f222adc1da32547e20a3c5007f4a711b0cf633d0"
            },
            "dist": {
                "type": "zip",
                "url": "https://api.github.com/repos/paragonie/corner/zipball/f222adc1da32547e20a3c5007f4a711b0cf633d0",
                "reference": "f222adc1da32547e20a3c5007f4a711b0cf633d0",
                "shasum": ""
            },
            "require": {
                "php": "^7.1|^8"
            },
            "require-dev": {
                "phpunit/phpunit": "^7",
                "psalm/plugin-phpunit": "<1",
                "vimeo/psalm": "^3"
            },
            "type": "library",
            "autoload": {
                "psr-4": {
                    "ParagonIE\\Corner\\": "src/"
                }
            },
            "notification-url": "https://packagist.org/downloads/",
            "license": [
                "ISC"
            ],
            "authors": [
                {
                    "name": "Paragon Initiative Enterprises",
                    "email": "security@paragonie.com"
                }
            ],
            "description": "Generic PHP Exceptions and Errors, made user-friendly.",
            "support": {
                "issues": "https://github.com/paragonie/corner/issues",
                "source": "https://github.com/paragonie/corner/tree/v2.0.1"
            },
            "time": "2020-01-20T00:57:57+00:00"
        },
        {
            "name": "paragonie/easydb",
            "version": "v2.11.0",
            "source": {
                "type": "git",
                "url": "https://github.com/paragonie/easydb.git",
                "reference": "38cfac4bbd96960628ca3237ed98f3f344ffdd7b"
            },
            "dist": {
                "type": "zip",
                "url": "https://api.github.com/repos/paragonie/easydb/zipball/38cfac4bbd96960628ca3237ed98f3f344ffdd7b",
                "reference": "38cfac4bbd96960628ca3237ed98f3f344ffdd7b",
                "shasum": ""
            },
            "require": {
                "ext-pdo": "*",
                "paragonie/corner": "^1|^2",
                "php": "^7|^8"
            },
            "require-dev": {
                "phpunit/phpunit": "^6|^7",
                "psalm/plugin-phpunit": "<1",
                "squizlabs/php_codesniffer": "^3",
                "vimeo/psalm": "^3"
            },
            "type": "library",
            "autoload": {
                "psr-4": {
                    "ParagonIE\\EasyDB\\": "src"
                }
            },
            "notification-url": "https://packagist.org/downloads/",
            "license": [
                "MIT"
            ],
            "authors": [
                {
                    "name": "Scott Arciszewski",
                    "email": "scott@paragonie.com",
                    "homepage": "https://paragonie.com",
                    "role": "Developer"
                },
                {
                    "name": "Woody Gilk",
                    "homepage": "https://github.com/shadowhand",
                    "role": "Contributor"
                },
                {
                    "name": "SignpostMarv",
                    "homepage": "https://github.com/SignpostMarv",
                    "role": "Contributor"
                }
            ],
            "description": "Easy-to-use database abstraction",
            "keywords": [
                "database",
                "pdo",
                "security",
                "sql"
            ],
            "support": {
                "email": "info@paragonie.com",
                "issues": "https://github.com/paragonie/easydb/issues",
                "source": "https://github.com/paragonie/easydb"
            },
            "time": "2020-01-20T01:06:56+00:00"
        },
        {
            "name": "spatie/regex",
            "version": "1.4.2",
            "source": {
                "type": "git",
                "url": "https://github.com/spatie/regex.git",
                "reference": "1500ed75af430df3a32047494c43d79d45cf152b"
            },
            "dist": {
                "type": "zip",
                "url": "https://api.github.com/repos/spatie/regex/zipball/1500ed75af430df3a32047494c43d79d45cf152b",
                "reference": "1500ed75af430df3a32047494c43d79d45cf152b",
                "shasum": ""
            },
            "require": {
                "php": "^7.3|^8.0"
            },
            "require-dev": {
                "phpunit/phpunit": "^9.3"
            },
            "type": "library",
            "autoload": {
                "psr-4": {
                    "Spatie\\Regex\\": "src"
                }
            },
            "notification-url": "https://packagist.org/downloads/",
            "license": [
                "MIT"
            ],
            "authors": [
                {
                    "name": "Sebastian De Deyne",
                    "email": "sebastian@spatie.be",
                    "homepage": "https://spatie.be",
                    "role": "Developer"
                }
            ],
            "description": "A sane interface for php's built in preg_* functions",
            "homepage": "https://github.com/spatie/regex",
            "keywords": [
                "expression",
                "expressions",
                "regex",
                "regular",
                "spatie"
            ],
            "support": {
                "issues": "https://github.com/spatie/regex/issues",
                "source": "https://github.com/spatie/regex/tree/1.4.2"
            },
            "funding": [
                {
                    "url": "https://spatie.be/open-source/support-us",
                    "type": "custom"
                },
                {
                    "url": "https://github.com/spatie",
                    "type": "github"
                }
            ],
            "time": "2020-11-03T23:05:25+00:00"
        },
        {
            "name": "symfony/deprecation-contracts",
            "version": "v2.2.0",
            "source": {
                "type": "git",
                "url": "https://github.com/symfony/deprecation-contracts.git",
                "reference": "5fa56b4074d1ae755beb55617ddafe6f5d78f665"
            },
            "dist": {
                "type": "zip",
                "url": "https://api.github.com/repos/symfony/deprecation-contracts/zipball/5fa56b4074d1ae755beb55617ddafe6f5d78f665",
                "reference": "5fa56b4074d1ae755beb55617ddafe6f5d78f665",
                "shasum": ""
            },
            "require": {
                "php": ">=7.1"
            },
            "type": "library",
            "extra": {
                "branch-alias": {
                    "dev-master": "2.2-dev"
                },
                "thanks": {
                    "name": "symfony/contracts",
                    "url": "https://github.com/symfony/contracts"
                }
            },
            "autoload": {
                "files": [
                    "function.php"
                ]
            },
            "notification-url": "https://packagist.org/downloads/",
            "license": [
                "MIT"
            ],
            "authors": [
                {
                    "name": "Nicolas Grekas",
                    "email": "p@tchwork.com"
                },
                {
                    "name": "Symfony Community",
                    "homepage": "https://symfony.com/contributors"
                }
            ],
            "description": "A generic function and convention to trigger deprecation notices",
            "homepage": "https://symfony.com",
            "support": {
                "source": "https://github.com/symfony/deprecation-contracts/tree/master"
            },
            "funding": [
                {
                    "url": "https://symfony.com/sponsor",
                    "type": "custom"
                },
                {
                    "url": "https://github.com/fabpot",
                    "type": "github"
                },
                {
                    "url": "https://tidelift.com/funding/github/packagist/symfony/symfony",
                    "type": "tidelift"
                }
            ],
            "time": "2020-09-07T11:33:47+00:00"
        },
        {
            "name": "symfony/http-foundation",
            "version": "v5.2.3",
            "source": {
                "type": "git",
                "url": "https://github.com/symfony/http-foundation.git",
                "reference": "20c554c0f03f7cde5ce230ed248470cccbc34c36"
            },
            "dist": {
                "type": "zip",
                "url": "https://api.github.com/repos/symfony/http-foundation/zipball/20c554c0f03f7cde5ce230ed248470cccbc34c36",
                "reference": "20c554c0f03f7cde5ce230ed248470cccbc34c36",
                "shasum": ""
            },
            "require": {
                "php": ">=7.2.5",
                "symfony/deprecation-contracts": "^2.1",
                "symfony/polyfill-mbstring": "~1.1",
                "symfony/polyfill-php80": "^1.15"
            },
            "require-dev": {
                "predis/predis": "~1.0",
                "symfony/cache": "^4.4|^5.0",
                "symfony/expression-language": "^4.4|^5.0",
                "symfony/mime": "^4.4|^5.0"
            },
            "suggest": {
                "symfony/mime": "To use the file extension guesser"
            },
            "type": "library",
            "autoload": {
                "psr-4": {
                    "Symfony\\Component\\HttpFoundation\\": ""
                },
                "exclude-from-classmap": [
                    "/Tests/"
                ]
            },
            "notification-url": "https://packagist.org/downloads/",
            "license": [
                "MIT"
            ],
            "authors": [
                {
                    "name": "Fabien Potencier",
                    "email": "fabien@symfony.com"
                },
                {
                    "name": "Symfony Community",
                    "homepage": "https://symfony.com/contributors"
                }
            ],
            "description": "Defines an object-oriented layer for the HTTP specification",
            "homepage": "https://symfony.com",
            "support": {
                "source": "https://github.com/symfony/http-foundation/tree/v5.2.3"
            },
            "funding": [
                {
                    "url": "https://symfony.com/sponsor",
                    "type": "custom"
                },
                {
                    "url": "https://github.com/fabpot",
                    "type": "github"
                },
                {
                    "url": "https://tidelift.com/funding/github/packagist/symfony/symfony",
                    "type": "tidelift"
                }
            ],
            "time": "2021-02-03T04:42:09+00:00"
        },
        {
            "name": "symfony/polyfill-mbstring",
            "version": "v1.22.0",
            "source": {
                "type": "git",
                "url": "https://github.com/symfony/polyfill-mbstring.git",
                "reference": "f377a3dd1fde44d37b9831d68dc8dea3ffd28e13"
            },
            "dist": {
                "type": "zip",
                "url": "https://api.github.com/repos/symfony/polyfill-mbstring/zipball/f377a3dd1fde44d37b9831d68dc8dea3ffd28e13",
                "reference": "f377a3dd1fde44d37b9831d68dc8dea3ffd28e13",
                "shasum": ""
            },
            "require": {
                "php": ">=7.1"
            },
            "suggest": {
                "ext-mbstring": "For best performance"
            },
            "type": "library",
            "extra": {
                "branch-alias": {
                    "dev-main": "1.22-dev"
                },
                "thanks": {
                    "name": "symfony/polyfill",
                    "url": "https://github.com/symfony/polyfill"
                }
            },
            "autoload": {
                "psr-4": {
                    "Symfony\\Polyfill\\Mbstring\\": ""
                },
                "files": [
                    "bootstrap.php"
                ]
            },
            "notification-url": "https://packagist.org/downloads/",
            "license": [
                "MIT"
            ],
            "authors": [
                {
                    "name": "Nicolas Grekas",
                    "email": "p@tchwork.com"
                },
                {
                    "name": "Symfony Community",
                    "homepage": "https://symfony.com/contributors"
                }
            ],
            "description": "Symfony polyfill for the Mbstring extension",
            "homepage": "https://symfony.com",
            "keywords": [
                "compatibility",
                "mbstring",
                "polyfill",
                "portable",
                "shim"
            ],
            "support": {
                "source": "https://github.com/symfony/polyfill-mbstring/tree/v1.22.0"
            },
            "funding": [
                {
                    "url": "https://symfony.com/sponsor",
                    "type": "custom"
                },
                {
                    "url": "https://github.com/fabpot",
                    "type": "github"
                },
                {
                    "url": "https://tidelift.com/funding/github/packagist/symfony/symfony",
                    "type": "tidelift"
                }
            ],
            "time": "2021-01-07T16:49:33+00:00"
        },
        {
            "name": "symfony/polyfill-php80",
            "version": "v1.22.0",
            "source": {
                "type": "git",
                "url": "https://github.com/symfony/polyfill-php80.git",
                "reference": "dc3063ba22c2a1fd2f45ed856374d79114998f91"
            },
            "dist": {
                "type": "zip",
                "url": "https://api.github.com/repos/symfony/polyfill-php80/zipball/dc3063ba22c2a1fd2f45ed856374d79114998f91",
                "reference": "dc3063ba22c2a1fd2f45ed856374d79114998f91",
                "shasum": ""
            },
            "require": {
                "php": ">=7.1"
            },
            "type": "library",
            "extra": {
                "branch-alias": {
                    "dev-main": "1.22-dev"
                },
                "thanks": {
                    "name": "symfony/polyfill",
                    "url": "https://github.com/symfony/polyfill"
                }
            },
            "autoload": {
                "psr-4": {
                    "Symfony\\Polyfill\\Php80\\": ""
                },
                "files": [
                    "bootstrap.php"
                ],
                "classmap": [
                    "Resources/stubs"
                ]
            },
            "notification-url": "https://packagist.org/downloads/",
            "license": [
                "MIT"
            ],
            "authors": [
                {
                    "name": "Ion Bazan",
                    "email": "ion.bazan@gmail.com"
                },
                {
                    "name": "Nicolas Grekas",
                    "email": "p@tchwork.com"
                },
                {
                    "name": "Symfony Community",
                    "homepage": "https://symfony.com/contributors"
                }
            ],
            "description": "Symfony polyfill backporting some PHP 8.0+ features to lower PHP versions",
            "homepage": "https://symfony.com",
            "keywords": [
                "compatibility",
                "polyfill",
                "portable",
                "shim"
            ],
            "support": {
                "source": "https://github.com/symfony/polyfill-php80/tree/v1.22.0"
            },
            "funding": [
                {
                    "url": "https://symfony.com/sponsor",
                    "type": "custom"
                },
                {
                    "url": "https://github.com/fabpot",
                    "type": "github"
                },
                {
                    "url": "https://tidelift.com/funding/github/packagist/symfony/symfony",
                    "type": "tidelift"
                }
            ],
            "time": "2021-01-07T16:49:33+00:00"
        },
        {
            "name": "tholu/php-packer",
            "version": "0.2.0",
            "source": {
                "type": "git",
                "url": "https://github.com/tholu/php-packer.git",
                "reference": "b6f63a6e1112a27db048353fbab50539a4a75764"
            },
            "dist": {
                "type": "zip",
                "url": "https://api.github.com/repos/tholu/php-packer/zipball/b6f63a6e1112a27db048353fbab50539a4a75764",
                "reference": "b6f63a6e1112a27db048353fbab50539a4a75764",
                "shasum": ""
            },
            "require": {
                "php": ">=5.3.0"
            },
            "type": "library",
            "autoload": {
                "psr-4": {
                    "Tholu\\Packer\\": "src"
                }
            },
            "notification-url": "https://packagist.org/downloads/",
            "license": [
                "MIT"
            ],
            "authors": [
                {
                    "name": "Thomas Lutz",
                    "email": "thomaslutz.de@gmail.com"
                },
                {
                    "name": "Dean Edwards"
                },
                {
                    "name": "Nicolas Martin"
                }
            ],
            "description": "A PHP version of Packer, JavaScript obfuscation library originally created by Dean Edwards",
            "homepage": "https://github.com/tholu/php-packer",
            "keywords": [
                "JS",
                "javascript",
                "minification",
                "minify",
                "obfuscate",
                "uglify"
            ],
            "support": {
                "issues": "https://github.com/tholu/php-packer/issues",
                "source": "https://github.com/tholu/php-packer/tree/master"
            },
            "time": "2016-04-19T10:33:55+00:00"
        }
    ],
    "packages-dev": [],
    "aliases": [],
    "minimum-stability": "stable",
    "stability-flags": [],
    "prefer-stable": false,
    "prefer-lowest": false,
    "platform": [],
    "platform-dev": [],
    "plugin-api-version": "2.0.0"
}
